
Microsoft Visual Studio Solution File, Format Version 12.00
# Visual Studio Version 17
VisualStudioVersion = 17.9.34728.123
MinimumVisualStudioVersion = 10.0.40219.1
Project("{FAE04EC0-301F-11D3-BF4B-00C04F79EFBC}") = "Api", "Api\Api.csproj", "{2336B6BE-14F4-4E93-930F-B1B288DC650E}"
EndProject
Project("{FAE04EC0-301F-11D3-BF4B-00C04F79EFBC}") = "Application", "Application\Application.csproj", "{88AB4A3F-7556-44DF-AD30-2D38FD277DB8}"
EndProject
Project("{FAE04EC0-301F-11D3-BF4B-00C04F79EFBC}") = "Domain", "Domain\Domain.csproj", "{D40D0EEC-C36A-45B8-B3AB-63173A3EE7FD}"
EndProject
Project("{FAE04EC0-301F-11D3-BF4B-00C04F79EFBC}") = "Infra", "Infra\Infra.csproj", "{39392B07-14AE-4575-80A1-DED9A25818B0}"
EndProject
Project("{FAE04EC0-301F-11D3-BF4B-00C04F79EFBC}") = "Tests", "Tests\Tests.csproj", "{E66A62C8-B581-4E99-B176-F1797C38FFE6}"
EndProject
Global
	GlobalSection(SolutionConfigurationPlatforms) = preSolution
		Debug|Any CPU = Debug|Any CPU
		Release|Any CPU = Release|Any CPU
	EndGlobalSection
	GlobalSection(ProjectConfigurationPlatforms) = postSolution
		{2336B6BE-14F4-4E93-930F-B1B288DC650E}.Debug|Any CPU.ActiveCfg = Debug|Any CPU
		{2336B6BE-14F4-4E93-930F-B1B288DC650E}.Debug|Any CPU.Build.0 = Debug|Any CPU
		{2336B6BE-14F4-4E93-930F-B1B288DC650E}.Release|Any CPU.ActiveCfg = Release|Any CPU
		{2336B6BE-14F4-4E93-930F-B1B288DC650E}.Release|Any CPU.Build.0 = Release|Any CPU
		{88AB4A3F-7556-44DF-AD30-2D38FD277DB8}.Debug|Any CPU.ActiveCfg = Debug|Any CPU
		{88AB4A3F-7556-44DF-AD30-2D38FD277DB8}.Debug|Any CPU.Build.0 = Debug|Any CPU
		{88AB4A3F-7556-44DF-AD30-2D38FD277DB8}.Release|Any CPU.ActiveCfg = Release|Any CPU
		{88AB4A3F-7556-44DF-AD30-2D38FD277DB8}.Release|Any CPU.Build.0 = Release|Any CPU
		{D40D0EEC-C36A-45B8-B3AB-63173A3EE7FD}.Debug|Any CPU.ActiveCfg = Debug|Any CPU
		{D40D0EEC-C36A-45B8-B3AB-63173A3EE7FD}.Debug|Any CPU.Build.0 = Debug|Any CPU
		{D40D0EEC-C36A-45B8-B3AB-63173A3EE7FD}.Release|Any CPU.ActiveCfg = Release|Any CPU
		{D40D0EEC-C36A-45B8-B3AB-63173A3EE7FD}.Release|Any CPU.Build.0 = Release|Any CPU
		{39392B07-14AE-4575-80A1-DED9A25818B0}.Debug|Any CPU.ActiveCfg = Debug|Any CPU
		{39392B07-14AE-4575-80A1-DED9A25818B0}.Debug|Any CPU.Build.0 = Debug|Any CPU
		{39392B07-14AE-4575-80A1-DED9A25818B0}.Release|Any CPU.ActiveCfg = Release|Any CPU
		{39392B07-14AE-4575-80A1-DED9A25818B0}.Release|Any CPU.Build.0 = Release|Any CPU
		{E66A62C8-B581-4E99-B176-F1797C38FFE6}.Debug|Any CPU.ActiveCfg = Debug|Any CPU
		{E66A62C8-B581-4E99-B176-F1797C38FFE6}.Debug|Any CPU.Build.0 = Debug|Any CPU
		{E66A62C8-B581-4E99-B176-F1797C38FFE6}.Release|Any CPU.ActiveCfg = Release|Any CPU
		{E66A62C8-B581-4E99-B176-F1797C38FFE6}.Release|Any CPU.Build.0 = Release|Any CPU
	EndGlobalSection
	GlobalSection(SolutionProperties) = preSolution
		HideSolutionNode = FALSE
	EndGlobalSection
	GlobalSection(ExtensibilityGlobals) = postSolution
		SolutionGuid = {1CD55967-6350-4E03-9D71-1AA7BE2BA662}
	EndGlobalSection
EndGlobal
